# This file is autogenerated, do not edit; changes may be undone by the next 'dep ensure'.


[[projects]]
  name = "github.com/Sirupsen/logrus"
  packages = ["."]
  revision = "ba1b36c82c5e05c4f912a88eab0dcd91a171688f"
  version = "v0.11.5"

[[projects]]
  branch = "master"
  name = "github.com/boombuler/barcode"
  packages = [".","qr","utils"]
  revision = "335316296ea80cf3ec593dbdf0ce17016d5771c8"

[[projects]]
  branch = "master"
  name = "github.com/deviceio/hmapi"
  packages = ["."]
  revision = "8bca6e5018d0c6c715a9086609370bca3c8785ec"

[[projects]]
  branch = "master"
  name = "github.com/pquerna/otp"
  packages = [".","hotp","totp"]
  revision = "9e1935374bc73ffe011187dafed51a412b90fe43"

[[projects]]
  branch = "master"
  name = "golang.org/x/crypto"
  packages = ["ed25519","ed25519/internal/edwards25519"]
  revision = "e1a4589e7d3ea14a3352255d04b6f1a418845e5e"

[[projects]]
  branch = "master"
  name = "golang.org/x/sys"
  packages = ["unix"]
  revision = "b90f89a1e7a9c1f6b918820b3daa7f08488c8594"

[solve-meta]
  analyzer-name = "dep"
  analyzer-version = 1
  inputs-digest = "f8ccfb48f805e683c3acf93bf78d3fc0a4a89a122a3750ce9d22a024045ab640"
  solver-name = "gps-cdcl"
  solver-version = 1
