# This file is autogenerated, do not edit; changes may be undone by the next 'dep ensure'.


[[projects]]
  name = "github.com/Sirupsen/logrus"
  packages = ["."]
  revision = "ba1b36c82c5e05c4f912a88eab0dcd91a171688f"
  version = "v0.11.5"

[[projects]]
  branch = "master"
  name = "github.com/boombuler/barcode"
  packages = [".","qr","utils"]
  revision = "a4f901055aa151cd82782e5e2cd0000d5a48eed7"

[[projects]]
  name = "github.com/davecgh/go-spew"
  packages = ["spew"]
  revision = "346938d642f2ec3594ed81d874461961cd0faa76"
  version = "v1.1.0"

[[projects]]
  branch = "master"
  name = "github.com/deviceio/agent"
  packages = ["resources/filesystem","transport"]
  revision = "29641e8088593cdc9e6d673bd73e5c026f61ff23"

[[projects]]
  branch = "master"
  name = "github.com/deviceio/hmapi"
  packages = ["."]
  revision = "cfb7a1b081c272a8679b8c174380ca1ee8c267fa"

[[projects]]
  branch = "master"
  name = "github.com/deviceio/shared"
  packages = ["logging"]
  revision = "bc67982208cefd6450d6deb2c1bf6e0ce6184c14"

[[projects]]
  name = "github.com/gorilla/context"
  packages = ["."]
  revision = "1ea25387ff6f684839d82767c1733ff4d4d15d0a"
  version = "v1.1"

[[projects]]
  name = "github.com/gorilla/mux"
  packages = ["."]
  revision = "bcd8bc72b08df0f70df986b97f95590779502d31"
  version = "v1.4.0"

[[projects]]
  branch = "master"
  name = "github.com/hashicorp/yamux"
  packages = ["."]
  revision = "d1caa6c97c9fc1cc9e83bbe34d0603f9ff0ce8bd"

[[projects]]
  branch = "master"
  name = "github.com/jpillora/backoff"
  packages = ["."]
  revision = "06c7a16c845dc8e0bf575fafeeca0f5462f5eb4d"

[[projects]]
  name = "github.com/pmezard/go-difflib"
  packages = ["difflib"]
  revision = "792786c7400a136282c1664665ae0a8db921c6c2"
  version = "v1.0.0"

[[projects]]
  branch = "master"
  name = "github.com/pquerna/otp"
  packages = [".","hotp","totp"]
  revision = "9e1935374bc73ffe011187dafed51a412b90fe43"

[[projects]]
  name = "github.com/stretchr/testify"
  packages = ["assert","require","suite"]
  revision = "69483b4bd14f5845b5a1e55bca19e954e827f1d0"
  version = "v1.1.4"

[[projects]]
  branch = "master"
  name = "golang.org/x/crypto"
  packages = ["ed25519","ed25519/internal/edwards25519"]
  revision = "e7ba82683099cae71475961448ab8f903ea77c26"

[[projects]]
  branch = "master"
  name = "golang.org/x/sys"
  packages = ["unix"]
  revision = "0b25a408a50076fbbcae6b7ac0ea5fbb0b085e79"

[solve-meta]
  analyzer-name = "dep"
  analyzer-version = 1
  inputs-digest = "a9212c1e3691278775fea3cc5285a772e29ba7d55cde7d198713984ae4bb9a41"
  solver-name = "gps-cdcl"
  solver-version = 1
